
Microsoft Visual Studio Solution File, Format Version 12.00
# Visual Studio Version 17
VisualStudioVersion = 17.0.31903.59
MinimumVisualStudioVersion = 10.0.40219.1
Project("{2150E333-8FDC-42A3-9474-1A3956D46DE8}") = "src", "src", "{827E0CD3-B72D-47B6-A68D-7590B98EB39B}"
EndProject
Project("{FAE04EC0-301F-11D3-BF4B-00C04F79EFBC}") = "SnakeForTwo.Api", "src\SnakeForTwo.Api\SnakeForTwo.Api.csproj", "{6C3692D5-C1F5-4033-B318-D46830F52EB6}"
EndProject
Project("{FAE04EC0-301F-11D3-BF4B-00C04F79EFBC}") = "SnakeForTwo.Contracts", "src\SnakeForTwo.Contracts\SnakeForTwo.Contracts.csproj", "{1C62B8B4-CCF3-453E-B722-87D3CE55990F}"
EndProject
Project("{FAE04EC0-301F-11D3-BF4B-00C04F79EFBC}") = "SnakeForTwo.Game.Domain", "src\SnakeForTwo.Game.Domain\SnakeForTwo.Game.Domain.csproj", "{5773FB94-7C10-4C88-93D1-E8AAFCF06E17}"
EndProject
Project("{FAE04EC0-301F-11D3-BF4B-00C04F79EFBC}") = "SnakeForTwo.Game.Application", "src\SnakeForTwo.Game.Application\SnakeForTwo.Game.Application.csproj", "{9421062F-11BF-4EC6-AD1A-6414FCB2C0B1}"
EndProject
Project("{FAE04EC0-301F-11D3-BF4B-00C04F79EFBC}") = "SnakeForTwo.Infrastructure", "src\SnakeForTwo.Infrastructure\SnakeForTwo.Infrastructure.csproj", "{AE8170F7-DC48-4EB3-BA8A-CD64168CFB18}"
EndProject
Project("{2150E333-8FDC-42A3-9474-1A3956D46DE8}") = "tests", "tests", "{0AB3BF05-4346-4AA6-1389-037BE0695223}"
EndProject
Project("{FAE04EC0-301F-11D3-BF4B-00C04F79EFBC}") = "SnakeForTwo.Game.Domain.Tests", "tests\SnakeForTwo.Game.Domain.Tests\SnakeForTwo.Game.Domain.Tests.csproj", "{DC66DF77-5349-4D0C-96C2-F630325FB915}"
EndProject
Project("{FAE04EC0-301F-11D3-BF4B-00C04F79EFBC}") = "SnakeForTwo.Game.Application.Tests", "tests\SnakeForTwo.Game.Application.Tests\SnakeForTwo.Game.Application.Tests.csproj", "{EDAD32DF-2414-4871-961A-9D972678C9E6}"
EndProject
Global
	GlobalSection(SolutionConfigurationPlatforms) = preSolution
		Debug|Any CPU = Debug|Any CPU
		Debug|x64 = Debug|x64
		Debug|x86 = Debug|x86
		Release|Any CPU = Release|Any CPU
		Release|x64 = Release|x64
		Release|x86 = Release|x86
	EndGlobalSection
	GlobalSection(ProjectConfigurationPlatforms) = postSolution
		{6C3692D5-C1F5-4033-B318-D46830F52EB6}.Debug|Any CPU.ActiveCfg = Debug|Any CPU
		{6C3692D5-C1F5-4033-B318-D46830F52EB6}.Debug|Any CPU.Build.0 = Debug|Any CPU
		{6C3692D5-C1F5-4033-B318-D46830F52EB6}.Debug|x64.ActiveCfg = Debug|Any CPU
		{6C3692D5-C1F5-4033-B318-D46830F52EB6}.Debug|x64.Build.0 = Debug|Any CPU
		{6C3692D5-C1F5-4033-B318-D46830F52EB6}.Debug|x86.ActiveCfg = Debug|Any CPU
		{6C3692D5-C1F5-4033-B318-D46830F52EB6}.Debug|x86.Build.0 = Debug|Any CPU
		{6C3692D5-C1F5-4033-B318-D46830F52EB6}.Release|Any CPU.ActiveCfg = Release|Any CPU
		{6C3692D5-C1F5-4033-B318-D46830F52EB6}.Release|Any CPU.Build.0 = Release|Any CPU
		{6C3692D5-C1F5-4033-B318-D46830F52EB6}.Release|x64.ActiveCfg = Release|Any CPU
		{6C3692D5-C1F5-4033-B318-D46830F52EB6}.Release|x64.Build.0 = Release|Any CPU
		{6C3692D5-C1F5-4033-B318-D46830F52EB6}.Release|x86.ActiveCfg = Release|Any CPU
		{6C3692D5-C1F5-4033-B318-D46830F52EB6}.Release|x86.Build.0 = Release|Any CPU
		{1C62B8B4-CCF3-453E-B722-87D3CE55990F}.Debug|Any CPU.ActiveCfg = Debug|Any CPU
		{1C62B8B4-CCF3-453E-B722-87D3CE55990F}.Debug|Any CPU.Build.0 = Debug|Any CPU
		{1C62B8B4-CCF3-453E-B722-87D3CE55990F}.Debug|x64.ActiveCfg = Debug|Any CPU
		{1C62B8B4-CCF3-453E-B722-87D3CE55990F}.Debug|x64.Build.0 = Debug|Any CPU
		{1C62B8B4-CCF3-453E-B722-87D3CE55990F}.Debug|x86.ActiveCfg = Debug|Any CPU
		{1C62B8B4-CCF3-453E-B722-87D3CE55990F}.Debug|x86.Build.0 = Debug|Any CPU
		{1C62B8B4-CCF3-453E-B722-87D3CE55990F}.Release|Any CPU.ActiveCfg = Release|Any CPU
		{1C62B8B4-CCF3-453E-B722-87D3CE55990F}.Release|Any CPU.Build.0 = Release|Any CPU
		{1C62B8B4-CCF3-453E-B722-87D3CE55990F}.Release|x64.ActiveCfg = Release|Any CPU
		{1C62B8B4-CCF3-453E-B722-87D3CE55990F}.Release|x64.Build.0 = Release|Any CPU
		{1C62B8B4-CCF3-453E-B722-87D3CE55990F}.Release|x86.ActiveCfg = Release|Any CPU
		{1C62B8B4-CCF3-453E-B722-87D3CE55990F}.Release|x86.Build.0 = Release|Any CPU
		{5773FB94-7C10-4C88-93D1-E8AAFCF06E17}.Debug|Any CPU.ActiveCfg = Debug|Any CPU
		{5773FB94-7C10-4C88-93D1-E8AAFCF06E17}.Debug|Any CPU.Build.0 = Debug|Any CPU
		{5773FB94-7C10-4C88-93D1-E8AAFCF06E17}.Debug|x64.ActiveCfg = Debug|Any CPU
		{5773FB94-7C10-4C88-93D1-E8AAFCF06E17}.Debug|x64.Build.0 = Debug|Any CPU
		{5773FB94-7C10-4C88-93D1-E8AAFCF06E17}.Debug|x86.ActiveCfg = Debug|Any CPU
		{5773FB94-7C10-4C88-93D1-E8AAFCF06E17}.Debug|x86.Build.0 = Debug|Any CPU
		{5773FB94-7C10-4C88-93D1-E8AAFCF06E17}.Release|Any CPU.ActiveCfg = Release|Any CPU
		{5773FB94-7C10-4C88-93D1-E8AAFCF06E17}.Release|Any CPU.Build.0 = Release|Any CPU
		{5773FB94-7C10-4C88-93D1-E8AAFCF06E17}.Release|x64.ActiveCfg = Release|Any CPU
		{5773FB94-7C10-4C88-93D1-E8AAFCF06E17}.Release|x64.Build.0 = Release|Any CPU
		{5773FB94-7C10-4C88-93D1-E8AAFCF06E17}.Release|x86.ActiveCfg = Release|Any CPU
		{5773FB94-7C10-4C88-93D1-E8AAFCF06E17}.Release|x86.Build.0 = Release|Any CPU
		{9421062F-11BF-4EC6-AD1A-6414FCB2C0B1}.Debug|Any CPU.ActiveCfg = Debug|Any CPU
		{9421062F-11BF-4EC6-AD1A-6414FCB2C0B1}.Debug|Any CPU.Build.0 = Debug|Any CPU
		{9421062F-11BF-4EC6-AD1A-6414FCB2C0B1}.Debug|x64.ActiveCfg = Debug|Any CPU
		{9421062F-11BF-4EC6-AD1A-6414FCB2C0B1}.Debug|x64.Build.0 = Debug|Any CPU
		{9421062F-11BF-4EC6-AD1A-6414FCB2C0B1}.Debug|x86.ActiveCfg = Debug|Any CPU
		{9421062F-11BF-4EC6-AD1A-6414FCB2C0B1}.Debug|x86.Build.0 = Debug|Any CPU
		{9421062F-11BF-4EC6-AD1A-6414FCB2C0B1}.Release|Any CPU.ActiveCfg = Release|Any CPU
		{9421062F-11BF-4EC6-AD1A-6414FCB2C0B1}.Release|Any CPU.Build.0 = Release|Any CPU
		{9421062F-11BF-4EC6-AD1A-6414FCB2C0B1}.Release|x64.ActiveCfg = Release|Any CPU
		{9421062F-11BF-4EC6-AD1A-6414FCB2C0B1}.Release|x64.Build.0 = Release|Any CPU
		{9421062F-11BF-4EC6-AD1A-6414FCB2C0B1}.Release|x86.ActiveCfg = Release|Any CPU
		{9421062F-11BF-4EC6-AD1A-6414FCB2C0B1}.Release|x86.Build.0 = Release|Any CPU
		{AE8170F7-DC48-4EB3-BA8A-CD64168CFB18}.Debug|Any CPU.ActiveCfg = Debug|Any CPU
		{AE8170F7-DC48-4EB3-BA8A-CD64168CFB18}.Debug|Any CPU.Build.0 = Debug|Any CPU
		{AE8170F7-DC48-4EB3-BA8A-CD64168CFB18}.Debug|x64.ActiveCfg = Debug|Any CPU
		{AE8170F7-DC48-4EB3-BA8A-CD64168CFB18}.Debug|x64.Build.0 = Debug|Any CPU
		{AE8170F7-DC48-4EB3-BA8A-CD64168CFB18}.Debug|x86.ActiveCfg = Debug|Any CPU
		{AE8170F7-DC48-4EB3-BA8A-CD64168CFB18}.Debug|x86.Build.0 = Debug|Any CPU
		{AE8170F7-DC48-4EB3-BA8A-CD64168CFB18}.Release|Any CPU.ActiveCfg = Release|Any CPU
		{AE8170F7-DC48-4EB3-BA8A-CD64168CFB18}.Release|Any CPU.Build.0 = Release|Any CPU
		{AE8170F7-DC48-4EB3-BA8A-CD64168CFB18}.Release|x64.ActiveCfg = Release|Any CPU
		{AE8170F7-DC48-4EB3-BA8A-CD64168CFB18}.Release|x64.Build.0 = Release|Any CPU
		{AE8170F7-DC48-4EB3-BA8A-CD64168CFB18}.Release|x86.ActiveCfg = Release|Any CPU
		{AE8170F7-DC48-4EB3-BA8A-CD64168CFB18}.Release|x86.Build.0 = Release|Any CPU
		{DC66DF77-5349-4D0C-96C2-F630325FB915}.Debug|Any CPU.ActiveCfg = Debug|Any CPU
		{DC66DF77-5349-4D0C-96C2-F630325FB915}.Debug|Any CPU.Build.0 = Debug|Any CPU
		{DC66DF77-5349-4D0C-96C2-F630325FB915}.Debug|x64.ActiveCfg = Debug|Any CPU
		{DC66DF77-5349-4D0C-96C2-F630325FB915}.Debug|x64.Build.0 = Debug|Any CPU
		{DC66DF77-5349-4D0C-96C2-F630325FB915}.Debug|x86.ActiveCfg = Debug|Any CPU
		{DC66DF77-5349-4D0C-96C2-F630325FB915}.Debug|x86.Build.0 = Debug|Any CPU
		{DC66DF77-5349-4D0C-96C2-F630325FB915}.Release|Any CPU.ActiveCfg = Release|Any CPU
		{DC66DF77-5349-4D0C-96C2-F630325FB915}.Release|Any CPU.Build.0 = Release|Any CPU
		{DC66DF77-5349-4D0C-96C2-F630325FB915}.Release|x64.ActiveCfg = Release|Any CPU
		{DC66DF77-5349-4D0C-96C2-F630325FB915}.Release|x64.Build.0 = Release|Any CPU
		{DC66DF77-5349-4D0C-96C2-F630325FB915}.Release|x86.ActiveCfg = Release|Any CPU
		{DC66DF77-5349-4D0C-96C2-F630325FB915}.Release|x86.Build.0 = Release|Any CPU
		{EDAD32DF-2414-4871-961A-9D972678C9E6}.Debug|Any CPU.ActiveCfg = Debug|Any CPU
		{EDAD32DF-2414-4871-961A-9D972678C9E6}.Debug|Any CPU.Build.0 = Debug|Any CPU
		{EDAD32DF-2414-4871-961A-9D972678C9E6}.Debug|x64.ActiveCfg = Debug|Any CPU
		{EDAD32DF-2414-4871-961A-9D972678C9E6}.Debug|x64.Build.0 = Debug|Any CPU
		{EDAD32DF-2414-4871-961A-9D972678C9E6}.Debug|x86.ActiveCfg = Debug|Any CPU
		{EDAD32DF-2414-4871-961A-9D972678C9E6}.Debug|x86.Build.0 = Debug|Any CPU
		{EDAD32DF-2414-4871-961A-9D972678C9E6}.Release|Any CPU.ActiveCfg = Release|Any CPU
		{EDAD32DF-2414-4871-961A-9D972678C9E6}.Release|Any CPU.Build.0 = Release|Any CPU
		{EDAD32DF-2414-4871-961A-9D972678C9E6}.Release|x64.ActiveCfg = Release|Any CPU
		{EDAD32DF-2414-4871-961A-9D972678C9E6}.Release|x64.Build.0 = Release|Any CPU
		{EDAD32DF-2414-4871-961A-9D972678C9E6}.Release|x86.ActiveCfg = Release|Any CPU
		{EDAD32DF-2414-4871-961A-9D972678C9E6}.Release|x86.Build.0 = Release|Any CPU
	EndGlobalSection
	GlobalSection(SolutionProperties) = preSolution
		HideSolutionNode = FALSE
	EndGlobalSection
	GlobalSection(NestedProjects) = preSolution
		{6C3692D5-C1F5-4033-B318-D46830F52EB6} = {827E0CD3-B72D-47B6-A68D-7590B98EB39B}
		{1C62B8B4-CCF3-453E-B722-87D3CE55990F} = {827E0CD3-B72D-47B6-A68D-7590B98EB39B}
		{5773FB94-7C10-4C88-93D1-E8AAFCF06E17} = {827E0CD3-B72D-47B6-A68D-7590B98EB39B}
		{9421062F-11BF-4EC6-AD1A-6414FCB2C0B1} = {827E0CD3-B72D-47B6-A68D-7590B98EB39B}
		{AE8170F7-DC48-4EB3-BA8A-CD64168CFB18} = {827E0CD3-B72D-47B6-A68D-7590B98EB39B}
		{DC66DF77-5349-4D0C-96C2-F630325FB915} = {0AB3BF05-4346-4AA6-1389-037BE0695223}
		{EDAD32DF-2414-4871-961A-9D972678C9E6} = {0AB3BF05-4346-4AA6-1389-037BE0695223}
	EndGlobalSection
EndGlobal
